
Microsoft Visual Studio Solution File, Format Version 12.00
# Visual Studio Version 17
VisualStudioVersion = 17.11.35327.3
MinimumVisualStudioVersion = 10.0.40219.1
Project("{FAE04EC0-301F-11D3-BF4B-00C04F79EFBC}") = "UserManagementApp", "UserManagementApp.csproj", "{1BCFD885-ABE5-4881-B41F-C05784D8BC63}"
EndProject
Global
	GlobalSection(SolutionConfigurationPlatforms) = preSolution
		Debug|Any CPU = Debug|Any CPU
		Release|Any CPU = Release|Any CPU
	EndGlobalSection
	GlobalSection(ProjectConfigurationPlatforms) = postSolution
		{1BCFD885-ABE5-4881-B41F-C05784D8BC63}.Debug|Any CPU.ActiveCfg = Debug|Any CPU
		{1BCFD885-ABE5-4881-B41F-C05784D8BC63}.Debug|Any CPU.Build.0 = Debug|Any CPU
		{1BCFD885-ABE5-4881-B41F-C05784D8BC63}.Release|Any CPU.ActiveCfg = Release|Any CPU
		{1BCFD885-ABE5-4881-B41F-C05784D8BC63}.Release|Any CPU.Build.0 = Release|Any CPU
	EndGlobalSection
	GlobalSection(SolutionProperties) = preSolution
		HideSolutionNode = FALSE
	EndGlobalSection
	GlobalSection(ExtensibilityGlobals) = postSolution
		SolutionGuid = {0FB70F20-984C-4C13-92AB-12F8BA61DD54}
	EndGlobalSection
EndGlobal
